{
  "name": "app_backbone",
  "version": "1.0.0",
  "lockfileVersion": 1,
  "requires": true,
  "dependencies": {
    "backbone": {
      "version": "1.4.0",
      "resolved": "https://bin.sbb.ch/artifactory/api/npm/npm/backbone/-/backbone-1.4.0.tgz",
      "integrity": "sha1-VNtN6d98OBHD8DLzR0mkzSfzvRI=",
      "requires": {
        "underscore": ">=1.8.3"
      }
    },
    "backbone-validation": {
      "version": "0.11.5",
      "resolved": "https://bin.sbb.ch/artifactory/api/npm/npm/backbone-validation/-/backbone-validation-0.11.5.tgz",
      "integrity": "sha1-UEv7AHnlZz5qTEvq+76h0vOYckQ=",
      "requires": {
        "backbone": ">=1.0.0",
        "underscore": ">=1.4.3"
      }
    },
    "jquery": {
      "version": "3.5.1",
      "resolved": "https://bin.sbb.ch/artifactory/api/npm/npm/jquery/-/jquery-3.5.1.tgz",
      "integrity": "sha1-17TQjhv9uGrS8aPQOeoXMEcXq7U="
    },
    "underscore": {
      "version": "1.11.0",
      "resolved": "https://bin.sbb.ch/artifactory/api/npm/npm/underscore/-/underscore-1.11.0.tgz",
      "integrity": "sha1-3XwjoZXbNCZxhgRGSYcP8bq1kp4="
    }
  }
}
